// !$*UTF8*$!
{
	archiveVersion = 1;
	classes = {
	};
	objectVersion = 77;
	objects = {

/* Begin PBXBuildFile section */
		1109989D2DBF7B6B000BBCD0 /* SearchViewModel.swift in Sources */ = {isa = PBXBuildFile; fileRef = 1109989C2DBF7B6B000BBCD0 /* SearchViewModel.swift */; };
		11518DF32DA64CE8009476B9 /* Assets.xcassets in Resources */ = {isa = PBXBuildFile; fileRef = 11518DE02DA64CE8009476B9 /* Assets.xcassets */; };
		11518DF52DA64CE8009476B9 /* LaunchScreen.storyboard in Resources */ = {isa = PBXBuildFile; fileRef = 11518DE82DA64CE8009476B9 /* LaunchScreen.storyboard */; };
		11518DF62DA64CE8009476B9 /* Main.storyboard in Resources */ = {isa = PBXBuildFile; fileRef = 11518DEB2DA64CE8009476B9 /* Main.storyboard */; };
		11518DF72DA64CE8009476B9 /* NewsItem.swift in Sources */ = {isa = PBXBuildFile; fileRef = 11518DDC2DA64CE8009476B9 /* NewsItem.swift */; };
		11518DF82DA64CE8009476B9 /* APIService.swift in Sources */ = {isa = PBXBuildFile; fileRef = 11518DDE2DA64CE8009476B9 /* APIService.swift */; };
		11518DF92DA64CE8009476B9 /* AppDelegate.swift in Sources */ = {isa = PBXBuildFile; fileRef = 11518DDF2DA64CE8009476B9 /* AppDelegate.swift */; };
		11518DFA2DA64CE8009476B9 /* Coin.swift in Sources */ = {isa = PBXBuildFile; fileRef = 11518DE12DA64CE8009476B9 /* Coin.swift */; };
		11518DFB2DA64CE8009476B9 /* CoinListView.swift in Sources */ = {isa = PBXBuildFile; fileRef = 11518DE22DA64CE8009476B9 /* CoinListView.swift */; };
		11518DFC2DA64CE8009476B9 /* Colors.swift in Sources */ = {isa = PBXBuildFile; fileRef = 11518DE32DA64CE8009476B9 /* Colors.swift */; };
		11518DFD2DA64CE8009476B9 /* ContentView.swift in Sources */ = {isa = PBXBuildFile; fileRef = 11518DE42DA64CE8009476B9 /* ContentView.swift */; };
		11518DFE2DA64CE8009476B9 /* CryptoBuddyApp.swift in Sources */ = {isa = PBXBuildFile; fileRef = 11518DE52DA64CE8009476B9 /* CryptoBuddyApp.swift */; };
		11518DFF2DA64CE8009476B9 /* LoginView.swift in Sources */ = {isa = PBXBuildFile; fileRef = 11518DE92DA64CE8009476B9 /* LoginView.swift */; };
		11518E002DA64CE8009476B9 /* MainTabView.swift in Sources */ = {isa = PBXBuildFile; fileRef = 11518DEC2DA64CE8009476B9 /* MainTabView.swift */; };
		11518E012DA64CE8009476B9 /* NewsView.swift in Sources */ = {isa = PBXBuildFile; fileRef = 11518DED2DA64CE8009476B9 /* NewsView.swift */; };
		11518E022DA64CE8009476B9 /* ProfileView.swift in Sources */ = {isa = PBXBuildFile; fileRef = 11518DEE2DA64CE8009476B9 /* ProfileView.swift */; };
		11518E032DA64CE8009476B9 /* SceneDelegate.swift in Sources */ = {isa = PBXBuildFile; fileRef = 11518DEF2DA64CE8009476B9 /* SceneDelegate.swift */; };
		11518E042DA64CE8009476B9 /* SignUpView.swift in Sources */ = {isa = PBXBuildFile; fileRef = 11518DF02DA64CE8009476B9 /* SignUpView.swift */; };
		11518E052DA64CE8009476B9 /* ViewController.swift in Sources */ = {isa = PBXBuildFile; fileRef = 11518DF12DA64CE8009476B9 /* ViewController.swift */; };
/* End PBXBuildFile section */

/* Begin PBXFileReference section */
		1109989C2DBF7B6B000BBCD0 /* SearchViewModel.swift */ = {isa = PBXFileReference; lastKnownFileType = sourcecode.swift; path = SearchViewModel.swift; sourceTree = "<group>"; };
		110EF2812D9EB3FE007622B0 /* mobil.app */ = {isa = PBXFileReference; explicitFileType = wrapper.application; includeInIndex = 0; path = mobil.app; sourceTree = BUILT_PRODUCTS_DIR; };
		11518DDC2DA64CE8009476B9 /* NewsItem.swift */ = {isa = PBXFileReference; lastKnownFileType = sourcecode.swift; path = NewsItem.swift; sourceTree = "<group>"; };
		11518DDE2DA64CE8009476B9 /* APIService.swift */ = {isa = PBXFileReference; lastKnownFileType = sourcecode.swift; path = APIService.swift; sourceTree = "<group>"; };
		11518DDF2DA64CE8009476B9 /* AppDelegate.swift */ = {isa = PBXFileReference; lastKnownFileType = sourcecode.swift; path = AppDelegate.swift; sourceTree = "<group>"; };
		11518DE02DA64CE8009476B9 /* Assets.xcassets */ = {isa = PBXFileReference; lastKnownFileType = folder.assetcatalog; path = Assets.xcassets; sourceTree = "<group>"; };
		11518DE12DA64CE8009476B9 /* Coin.swift */ = {isa = PBXFileReference; lastKnownFileType = sourcecode.swift; path = Coin.swift; sourceTree = "<group>"; };
		11518DE22DA64CE8009476B9 /* CoinListView.swift */ = {isa = PBXFileReference; lastKnownFileType = sourcecode.swift; path = CoinListView.swift; sourceTree = "<group>"; };
		11518DE32DA64CE8009476B9 /* Colors.swift */ = {isa = PBXFileReference; lastKnownFileType = sourcecode.swift; path = Colors.swift; sourceTree = "<group>"; };
		11518DE42DA64CE8009476B9 /* ContentView.swift */ = {isa = PBXFileReference; lastKnownFileType = sourcecode.swift; path = ContentView.swift; sourceTree = "<group>"; };
		11518DE52DA64CE8009476B9 /* CryptoBuddyApp.swift */ = {isa = PBXFileReference; lastKnownFileType = sourcecode.swift; path = CryptoBuddyApp.swift; sourceTree = "<group>"; };
		11518DE62DA64CE8009476B9 /* Info.plist */ = {isa = PBXFileReference; lastKnownFileType = text.plist.xml; path = Info.plist; sourceTree = "<group>"; };
		11518DE72DA64CE8009476B9 /* Base */ = {isa = PBXFileReference; lastKnownFileType = file.storyboard; name = Base; path = Base.lproj/LaunchScreen.storyboard; sourceTree = "<group>"; };
		11518DE92DA64CE8009476B9 /* LoginView.swift */ = {isa = PBXFileReference; lastKnownFileType = sourcecode.swift; path = LoginView.swift; sourceTree = "<group>"; };
		11518DEA2DA64CE8009476B9 /* Base */ = {isa = PBXFileReference; lastKnownFileType = file.storyboard; name = Base; path = Base.lproj/Main.storyboard; sourceTree = "<group>"; };
		11518DEC2DA64CE8009476B9 /* MainTabView.swift */ = {isa = PBXFileReference; lastKnownFileType = sourcecode.swift; path = MainTabView.swift; sourceTree = "<group>"; };
		11518DED2DA64CE8009476B9 /* NewsView.swift */ = {isa = PBXFileReference; lastKnownFileType = sourcecode.swift; path = NewsView.swift; sourceTree = "<group>"; };
		11518DEE2DA64CE8009476B9 /* ProfileView.swift */ = {isa = PBXFileReference; lastKnownFileType = sourcecode.swift; path = ProfileView.swift; sourceTree = "<group>"; };
		11518DEF2DA64CE8009476B9 /* SceneDelegate.swift */ = {isa = PBXFileReference; lastKnownFileType = sourcecode.swift; path = SceneDelegate.swift; sourceTree = "<group>"; };
		11518DF02DA64CE8009476B9 /* SignUpView.swift */ = {isa = PBXFileReference; lastKnownFileType = sourcecode.swift; path = SignUpView.swift; sourceTree = "<group>"; };
		11518DF12DA64CE8009476B9 /* ViewController.swift */ = {isa = PBXFileReference; lastKnownFileType = sourcecode.swift; path = ViewController.swift; sourceTree = "<group>"; };
/* End PBXFileReference section */

/* Begin PBXFrameworksBuildPhase section */
		110EF27E2D9EB3FE007622B0 /* Frameworks */ = {
			isa = PBXFrameworksBuildPhase;
			buildActionMask = 2147483647;
			files = (
			);
			runOnlyForDeploymentPostprocessing = 0;
		};
/* End PBXFrameworksBuildPhase section */

/* Begin PBXGroup section */
		110EF2782D9EB3FE007622B0 = {
			isa = PBXGroup;
			children = (
				11518DF22DA64CE8009476B9 /* mobil */,
				110EF2822D9EB3FE007622B0 /* Products */,
			);
			sourceTree = "<group>";
		};
		110EF2822D9EB3FE007622B0 /* Products */ = {
			isa = PBXGroup;
			children = (
				110EF2812D9EB3FE007622B0 /* mobil.app */,
			);
			name = Products;
			sourceTree = "<group>";
		};
		11518DDD2DA64CE8009476B9 /* Models */ = {
			isa = PBXGroup;
			children = (
				11518DDC2DA64CE8009476B9 /* NewsItem.swift */,
			);
			path = Models;
			sourceTree = "<group>";
		};
		11518DF22DA64CE8009476B9 /* mobil */ = {
			isa = PBXGroup;
			children = (
				11518DDD2DA64CE8009476B9 /* Models */,
				11518DDE2DA64CE8009476B9 /* APIService.swift */,
				11518DDF2DA64CE8009476B9 /* AppDelegate.swift */,
				11518DE02DA64CE8009476B9 /* Assets.xcassets */,
				11518DE12DA64CE8009476B9 /* Coin.swift */,
				11518DE22DA64CE8009476B9 /* CoinListView.swift */,
				11518DE32DA64CE8009476B9 /* Colors.swift */,
				11518DE42DA64CE8009476B9 /* ContentView.swift */,
				11518DE52DA64CE8009476B9 /* CryptoBuddyApp.swift */,
				11518DE62DA64CE8009476B9 /* Info.plist */,
				11518DE82DA64CE8009476B9 /* LaunchScreen.storyboard */,
				11518DE92DA64CE8009476B9 /* LoginView.swift */,
				11518DEB2DA64CE8009476B9 /* Main.storyboard */,
				11518DEC2DA64CE8009476B9 /* MainTabView.swift */,
				11518DED2DA64CE8009476B9 /* NewsView.swift */,
				11518DEE2DA64CE8009476B9 /* ProfileView.swift */,
				1109989C2DBF7B6B000BBCD0 /* SearchViewModel.swift */,
				11518DEF2DA64CE8009476B9 /* SceneDelegate.swift */,
				11518DF02DA64CE8009476B9 /* SignUpView.swift */,
				11518DF12DA64CE8009476B9 /* ViewController.swift */,
			);
			path = mobil;
			sourceTree = "<group>";
		};
/* End PBXGroup section */

/* Begin PBXNativeTarget section */
		110EF2802D9EB3FE007622B0 /* mobil */ = {
			isa = PBXNativeTarget;
			buildConfigurationList = 110EF2942D9EB400007622B0 /* Build configuration list for PBXNativeTarget "mobil" */;
			buildPhases = (
				110EF27D2D9EB3FE007622B0 /* Sources */,
				110EF27E2D9EB3FE007622B0 /* Frameworks */,
				110EF27F2D9EB3FE007622B0 /* Resources */,
			);
			buildRules = (
			);
			dependencies = (
			);
			name = mobil;
			packageProductDependencies = (
			);
			productName = mobil;
			productReference = 110EF2812D9EB3FE007622B0 /* mobil.app */;
			productType = "com.apple.product-type.application";
		};
/* End PBXNativeTarget section */

/* Begin PBXProject section */
		110EF2792D9EB3FE007622B0 /* Project object */ = {
			isa = PBXProject;
			attributes = {
				BuildIndependentTargetsInParallel = 1;
				LastSwiftUpdateCheck = 1630;
				LastUpgradeCheck = 1630;
				TargetAttributes = {
					110EF2802D9EB3FE007622B0 = {
						CreatedOnToolsVersion = 16.3;
					};
				};
			};
			buildConfigurationList = 110EF27C2D9EB3FE007622B0 /* Build configuration list for PBXProject "mobil" */;
			developmentRegion = en;
			hasScannedForEncodings = 0;
			knownRegions = (
				en,
				Base,
			);
			mainGroup = 110EF2782D9EB3FE007622B0;
			minimizedProjectReferenceProxies = 1;
			preferredProjectObjectVersion = 77;
			productRefGroup = 110EF2822D9EB3FE007622B0 /* Products */;
			projectDirPath = "";
			projectRoot = "";
			targets = (
				110EF2802D9EB3FE007622B0 /* mobil */,
			);
		};
/* End PBXProject section */

/* Begin PBXResourcesBuildPhase section */
		110EF27F2D9EB3FE007622B0 /* Resources */ = {
			isa = PBXResourcesBuildPhase;
			buildActionMask = 2147483647;
			files = (
				11518DF32DA64CE8009476B9 /* Assets.xcassets in Resources */,
				11518DF52DA64CE8009476B9 /* LaunchScreen.storyboard in Resources */,
				11518DF62DA64CE8009476B9 /* Main.storyboard in Resources */,
			);
			runOnlyForDeploymentPostprocessing = 0;
		};
/* End PBXResourcesBuildPhase section */

/* Begin PBXSourcesBuildPhase section */
		110EF27D2D9EB3FE007622B0 /* Sources */ = {
			isa = PBXSourcesBuildPhase;
			buildActionMask = 2147483647;
			files = (
				11518DF72DA64CE8009476B9 /* NewsItem.swift in Sources */,
				11518DF82DA64CE8009476B9 /* APIService.swift in Sources */,
				1109989D2DBF7B6B000BBCD0 /* SearchViewModel.swift in Sources */,
				11518DF92DA64CE8009476B9 /* AppDelegate.swift in Sources */,
				11518DFA2DA64CE8009476B9 /* Coin.swift in Sources */,
				11518DFB2DA64CE8009476B9 /* CoinListView.swift in Sources */,
				11518DFC2DA64CE8009476B9 /* Colors.swift in Sources */,
				11518DFD2DA64CE8009476B9 /* ContentView.swift in Sources */,
				11518DFE2DA64CE8009476B9 /* CryptoBuddyApp.swift in Sources */,
				11518DFF2DA64CE8009476B9 /* LoginView.swift in Sources */,
				11518E002DA64CE8009476B9 /* MainTabView.swift in Sources */,
				11518E012DA64CE8009476B9 /* NewsView.swift in Sources */,
				11518E022DA64CE8009476B9 /* ProfileView.swift in Sources */,
				11518E032DA64CE8009476B9 /* SceneDelegate.swift in Sources */,
				11518E042DA64CE8009476B9 /* SignUpView.swift in Sources */,
				11518E052DA64CE8009476B9 /* ViewController.swift in Sources */,
			);
			runOnlyForDeploymentPostprocessing = 0;
		};
/* End PBXSourcesBuildPhase section */

/* Begin PBXVariantGroup section */
		11518DE82DA64CE8009476B9 /* LaunchScreen.storyboard */ = {
			isa = PBXVariantGroup;
			children = (
				11518DE72DA64CE8009476B9 /* Base */,
			);
			name = LaunchScreen.storyboard;
			sourceTree = "<group>";
		};
		11518DEB2DA64CE8009476B9 /* Main.storyboard */ = {
			isa = PBXVariantGroup;
			children = (
				11518DEA2DA64CE8009476B9 /* Base */,
			);
			name = Main.storyboard;
			sourceTree = "<group>";
		};
/* End PBXVariantGroup section */

/* Begin XCBuildConfiguration section */
		110EF2952D9EB400007622B0 /* Debug */ = {
			isa = XCBuildConfiguration;
			buildSettings = {
				ASSETCATALOG_COMPILER_APPICON_NAME = AppIcon;
				ASSETCATALOG_COMPILER_GLOBAL_ACCENT_COLOR_NAME = AccentColor;
				CODE_SIGN_STYLE = Automatic;
				CURRENT_PROJECT_VERSION = 1;
				DEVELOPMENT_TEAM = XXT2Q7C9QZ;
				GENERATE_INFOPLIST_FILE = YES;
				INFOPLIST_FILE = mobil/Info.plist;
				INFOPLIST_KEY_UIApplicationSupportsIndirectInputEvents = YES;
				INFOPLIST_KEY_UILaunchStoryboardName = LaunchScreen;
				INFOPLIST_KEY_UIMainStoryboardFile = Main;
				INFOPLIST_KEY_UISupportedInterfaceOrientations_iPad = "UIInterfaceOrientationPortrait UIInterfaceOrientationPortraitUpsideDown UIInterfaceOrientationLandscapeLeft UIInterfaceOrientationLandscapeRight";
				INFOPLIST_KEY_UISupportedInterfaceOrientations_iPhone = "UIInterfaceOrientationPortrait UIInterfaceOrientationLandscapeLeft UIInterfaceOrientationLandscapeRight";
				LD_RUNPATH_SEARCH_PATHS = (
					"$(inherited)",
					"@executable_path/Frameworks",
				);
				MARKETING_VERSION = 1.0;
				PRODUCT_BUNDLE_IDENTIFIER = com.sametyasit.mobil;
				PRODUCT_NAME = "$(TARGET_NAME)";
				SWIFT_EMIT_LOC_STRINGS = YES;
				SWIFT_VERSION = 5.0;
				TARGETED_DEVICE_FAMILY = "1,2";
			};
			name = Debug;
		};
		110EF2962D9EB400007622B0 /* Release */ = {
			isa = XCBuildConfiguration;
			buildSettings = {
				ASSETCATALOG_COMPILER_APPICON_NAME = AppIcon;
				ASSETCATALOG_COMPILER_GLOBAL_ACCENT_COLOR_NAME = AccentColor;
				CODE_SIGN_STYLE = Automatic;
				CURRENT_PROJECT_VERSION = 1;
				DEVELOPMENT_TEAM = XXT2Q7C9QZ;
				GENERATE_INFOPLIST_FILE = YES;
				INFOPLIST_FILE = mobil/Info.plist;
				INFOPLIST_KEY_UIApplicationSupportsIndirectInputEvents = YES;
				INFOPLIST_KEY_UILaunchStoryboardName = LaunchScreen;
				INFOPLIST_KEY_UIMainStoryboardFile = Main;
				INFOPLIST_KEY_UISupportedInterfaceOrientations_iPad = "UIInterfaceOrientationPortrait UIInterfaceOrientationPortraitUpsideDown UIInterfaceOrientationLandscapeLeft UIInterfaceOrientationLandscapeRight";
				INFOPLIST_KEY_UISupportedInterfaceOrientations_iPhone = "UIInterfaceOrientationPortrait UIInterfaceOrientationLandscapeLeft UIInterfaceOrientationLandscapeRight";
				LD_RUNPATH_SEARCH_PATHS = (
					"$(inherited)",
					"@executable_path/Frameworks",
				);
				MARKETING_VERSION = 1.0;
				PRODUCT_BUNDLE_IDENTIFIER = com.sametyasit.mobil;
				PRODUCT_NAME = "$(TARGET_NAME)";
				SWIFT_EMIT_LOC_STRINGS = YES;
				SWIFT_VERSION = 5.0;
				TARGETED_DEVICE_FAMILY = "1,2";
			};
			name = Release;
		};
		110EF2972D9EB400007622B0 /* Debug */ = {
			isa = XCBuildConfiguration;
			buildSettings = {
				ALWAYS_SEARCH_USER_PATHS = NO;
				ASSETCATALOG_COMPILER_GENERATE_SWIFT_ASSET_SYMBOL_EXTENSIONS = YES;
				CLANG_ANALYZER_NONNULL = YES;
				CLANG_ANALYZER_NUMBER_OBJECT_CONVERSION = YES_AGGRESSIVE;
				CLANG_CXX_LANGUAGE_STANDARD = "gnu++20";
				CLANG_ENABLE_MODULES = YES;
				CLANG_ENABLE_OBJC_ARC = YES;
				CLANG_ENABLE_OBJC_WEAK = YES;
				CLANG_WARN_BLOCK_CAPTURE_AUTORELEASING = YES;
				CLANG_WARN_BOOL_CONVERSION = YES;
				CLANG_WARN_COMMA = YES;
				CLANG_WARN_CONSTANT_CONVERSION = YES;
				CLANG_WARN_DEPRECATED_OBJC_IMPLEMENTATIONS = YES;
				CLANG_WARN_DIRECT_OBJC_ISA_USAGE = YES_ERROR;
				CLANG_WARN_DOCUMENTATION_COMMENTS = YES;
				CLANG_WARN_EMPTY_BODY = YES;
				CLANG_WARN_ENUM_CONVERSION = YES;
				CLANG_WARN_INFINITE_RECURSION = YES;
				CLANG_WARN_INT_CONVERSION = YES;
				CLANG_WARN_NON_LITERAL_NULL_CONVERSION = YES;
				CLANG_WARN_OBJC_IMPLICIT_RETAIN_SELF = YES;
				CLANG_WARN_OBJC_LITERAL_CONVERSION = YES;
				CLANG_WARN_OBJC_ROOT_CLASS = YES_ERROR;
				CLANG_WARN_QUOTED_INCLUDE_IN_FRAMEWORK_HEADER = YES;
				CLANG_WARN_RANGE_LOOP_ANALYSIS = YES;
				CLANG_WARN_STRICT_PROTOTYPES = YES;
				CLANG_WARN_SUSPICIOUS_MOVE = YES;
				CLANG_WARN_UNGUARDED_AVAILABILITY = YES_AGGRESSIVE;
				CLANG_WARN_UNREACHABLE_CODE = YES;
				CLANG_WARN__DUPLICATE_METHOD_MATCH = YES;
				COPY_PHASE_STRIP = NO;
				DEBUG_INFORMATION_FORMAT = dwarf;
				DEVELOPMENT_TEAM = XXT2Q7C9QZ;
				ENABLE_STRICT_OBJC_MSGSEND = YES;
				ENABLE_TESTABILITY = YES;
				ENABLE_USER_SCRIPT_SANDBOXING = YES;
				GCC_C_LANGUAGE_STANDARD = gnu17;
				GCC_DYNAMIC_NO_PIC = NO;
				GCC_NO_COMMON_BLOCKS = YES;
				GCC_OPTIMIZATION_LEVEL = 0;
				GCC_PREPROCESSOR_DEFINITIONS = (
					"DEBUG=1",
					"$(inherited)",
				);
				GCC_WARN_64_TO_32_BIT_CONVERSION = YES;
				GCC_WARN_ABOUT_RETURN_TYPE = YES_ERROR;
				GCC_WARN_UNDECLARED_SELECTOR = YES;
				GCC_WARN_UNINITIALIZED_AUTOS = YES_AGGRESSIVE;
				GCC_WARN_UNUSED_FUNCTION = YES;
				GCC_WARN_UNUSED_VARIABLE = YES;
				IPHONEOS_DEPLOYMENT_TARGET = 18.4;
				LOCALIZATION_PREFERS_STRING_CATALOGS = YES;
				MTL_ENABLE_DEBUG_INFO = INCLUDE_SOURCE;
				MTL_FAST_MATH = YES;
				ONLY_ACTIVE_ARCH = YES;
				SDKROOT = iphoneos;
				SWIFT_ACTIVE_COMPILATION_CONDITIONS = "DEBUG $(inherited)";
				SWIFT_OPTIMIZATION_LEVEL = "-Onone";
			};
			name = Debug;
		};
		110EF2982D9EB400007622B0 /* Release */ = {
			isa = XCBuildConfiguration;
			buildSettings = {
				ALWAYS_SEARCH_USER_PATHS = NO;
				ASSETCATALOG_COMPILER_GENERATE_SWIFT_ASSET_SYMBOL_EXTENSIONS = YES;
				CLANG_ANALYZER_NONNULL = YES;
				CLANG_ANALYZER_NUMBER_OBJECT_CONVERSION = YES_AGGRESSIVE;
				CLANG_CXX_LANGUAGE_STANDARD = "gnu++20";
				CLANG_ENABLE_MODULES = YES;
				CLANG_ENABLE_OBJC_ARC = YES;
				CLANG_ENABLE_OBJC_WEAK = YES;
				CLANG_WARN_BLOCK_CAPTURE_AUTORELEASING = YES;
				CLANG_WARN_BOOL_CONVERSION = YES;
				CLANG_WARN_COMMA = YES;
				CLANG_WARN_CONSTANT_CONVERSION = YES;
				CLANG_WARN_DEPRECATED_OBJC_IMPLEMENTATIONS = YES;
				CLANG_WARN_DIRECT_OBJC_ISA_USAGE = YES_ERROR;
				CLANG_WARN_DOCUMENTATION_COMMENTS = YES;
				CLANG_WARN_EMPTY_BODY = YES;
				CLANG_WARN_ENUM_CONVERSION = YES;
				CLANG_WARN_INFINITE_RECURSION = YES;
				CLANG_WARN_INT_CONVERSION = YES;
				CLANG_WARN_NON_LITERAL_NULL_CONVERSION = YES;
				CLANG_WARN_OBJC_IMPLICIT_RETAIN_SELF = YES;
				CLANG_WARN_OBJC_LITERAL_CONVERSION = YES;
				CLANG_WARN_OBJC_ROOT_CLASS = YES_ERROR;
				CLANG_WARN_QUOTED_INCLUDE_IN_FRAMEWORK_HEADER = YES;
				CLANG_WARN_RANGE_LOOP_ANALYSIS = YES;
				CLANG_WARN_STRICT_PROTOTYPES = YES;
				CLANG_WARN_SUSPICIOUS_MOVE = YES;
				CLANG_WARN_UNGUARDED_AVAILABILITY = YES_AGGRESSIVE;
				CLANG_WARN_UNREACHABLE_CODE = YES;
				CLANG_WARN__DUPLICATE_METHOD_MATCH = YES;
				COPY_PHASE_STRIP = NO;
				DEBUG_INFORMATION_FORMAT = "dwarf-with-dsym";
				DEVELOPMENT_TEAM = XXT2Q7C9QZ;
				ENABLE_NS_ASSERTIONS = NO;
				ENABLE_STRICT_OBJC_MSGSEND = YES;
				ENABLE_USER_SCRIPT_SANDBOXING = YES;
				GCC_C_LANGUAGE_STANDARD = gnu17;
				GCC_NO_COMMON_BLOCKS = YES;
				GCC_WARN_64_TO_32_BIT_CONVERSION = YES;
				GCC_WARN_ABOUT_RETURN_TYPE = YES_ERROR;
				GCC_WARN_UNDECLARED_SELECTOR = YES;
				GCC_WARN_UNINITIALIZED_AUTOS = YES_AGGRESSIVE;
				GCC_WARN_UNUSED_FUNCTION = YES;
				GCC_WARN_UNUSED_VARIABLE = YES;
				IPHONEOS_DEPLOYMENT_TARGET = 18.4;
				LOCALIZATION_PREFERS_STRING_CATALOGS = YES;
				MTL_ENABLE_DEBUG_INFO = NO;
				MTL_FAST_MATH = YES;
				SDKROOT = iphoneos;
				SWIFT_COMPILATION_MODE = wholemodule;
				VALIDATE_PRODUCT = YES;
			};
			name = Release;
		};
/* End XCBuildConfiguration section */

/* Begin XCConfigurationList section */
		110EF27C2D9EB3FE007622B0 /* Build configuration list for PBXProject "mobil" */ = {
			isa = XCConfigurationList;
			buildConfigurations = (
				110EF2972D9EB400007622B0 /* Debug */,
				110EF2982D9EB400007622B0 /* Release */,
			);
			defaultConfigurationIsVisible = 0;
			defaultConfigurationName = Release;
		};
		110EF2942D9EB400007622B0 /* Build configuration list for PBXNativeTarget "mobil" */ = {
			isa = XCConfigurationList;
			buildConfigurations = (
				110EF2952D9EB400007622B0 /* Debug */,
				110EF2962D9EB400007622B0 /* Release */,
			);
			defaultConfigurationIsVisible = 0;
			defaultConfigurationName = Release;
		};
/* End XCConfigurationList section */
	};
	rootObject = 110EF2792D9EB3FE007622B0 /* Project object */;
}
